github.com/pkg/errors v0.9.1 h1:FEBLx1zS214owpjy7qsBeixbURkuhQAwrK5UwLGTwt4=
github.com/pkg/errors v0.9.1/go.mod h1:bwawxfHBFNV+L2hUp1rHADufV3IMtnDRdf1r5NINEl0=
gitlab.corp.pushwoosh.com/uds/pkg v1.7.18 h1:D6znXwvDJr+Fu3VHcRRnqaqN6Tj92c3vtZwj/MYLl9g=
gitlab.corp.pushwoosh.com/uds/pkg v1.7.18/go.mod h1:2/jE52Elj52jgbVyCHfGUTKrUbBn36Uy/Akd1Ch1Wfc=
